
Microsoft Visual Studio Solution File, Format Version 12.00
# Visual Studio Version 16
VisualStudioVersion = 16.0.29411.138
MinimumVisualStudioVersion = 10.0.40219.1
Project("{FAE04EC0-301F-11D3-BF4B-00C04F79EFBC}") = "U1_EventProcedures", "U1_EventProcedures\U1_EventProcedures.csproj", "{DCE62CFC-887F-4B91-9169-2F321654B06F}"
EndProject
Project("{FAE04EC0-301F-11D3-BF4B-00C04F79EFBC}") = "U1_ButtonControl", "U1_ButtonControl\U1_ButtonControl.csproj", "{F6ECAEFD-DC84-42DB-BCCC-F4B5C9C517FC}"
EndProject
Project("{FAE04EC0-301F-11D3-BF4B-00C04F79EFBC}") = "U1_HelloWorld", "U1_HelloWorld\U1_HelloWorld.csproj", "{943E5B31-93FE-4694-8E2F-278652CF181D}"
EndProject
Project("{FAE04EC0-301F-11D3-BF4B-00C04F79EFBC}") = "U1_LabelPicBoxControl", "U1_LabelPicBoxControl\U1_LabelPicBoxControl.csproj", "{6E3A2086-3473-4AAF-B2C3-1375EF4CE1A2}"
EndProject
Project("{FAE04EC0-301F-11D3-BF4B-00C04F79EFBC}") = "U1_ListBoxControl", "U1_ListBoxControl\U1_ListBoxControl.csproj", "{26765C48-8406-4D11-AB51-DFDB92B189C7}"
EndProject
Project("{FAE04EC0-301F-11D3-BF4B-00C04F79EFBC}") = "U1_TextBoxControl", "U1_TextBoxControl\U1_TextBoxControl.csproj", "{C041D313-7342-4959-B811-6B34127934DA}"
EndProject
Global
	GlobalSection(SolutionConfigurationPlatforms) = preSolution
		Debug|Any CPU = Debug|Any CPU
		Release|Any CPU = Release|Any CPU
	EndGlobalSection
	GlobalSection(ProjectConfigurationPlatforms) = postSolution
		{DCE62CFC-887F-4B91-9169-2F321654B06F}.Debug|Any CPU.ActiveCfg = Debug|Any CPU
		{DCE62CFC-887F-4B91-9169-2F321654B06F}.Debug|Any CPU.Build.0 = Debug|Any CPU
		{DCE62CFC-887F-4B91-9169-2F321654B06F}.Release|Any CPU.ActiveCfg = Release|Any CPU
		{DCE62CFC-887F-4B91-9169-2F321654B06F}.Release|Any CPU.Build.0 = Release|Any CPU
		{F6ECAEFD-DC84-42DB-BCCC-F4B5C9C517FC}.Debug|Any CPU.ActiveCfg = Debug|Any CPU
		{F6ECAEFD-DC84-42DB-BCCC-F4B5C9C517FC}.Debug|Any CPU.Build.0 = Debug|Any CPU
		{F6ECAEFD-DC84-42DB-BCCC-F4B5C9C517FC}.Release|Any CPU.ActiveCfg = Release|Any CPU
		{F6ECAEFD-DC84-42DB-BCCC-F4B5C9C517FC}.Release|Any CPU.Build.0 = Release|Any CPU
		{943E5B31-93FE-4694-8E2F-278652CF181D}.Debug|Any CPU.ActiveCfg = Debug|Any CPU
		{943E5B31-93FE-4694-8E2F-278652CF181D}.Debug|Any CPU.Build.0 = Debug|Any CPU
		{943E5B31-93FE-4694-8E2F-278652CF181D}.Release|Any CPU.ActiveCfg = Release|Any CPU
		{943E5B31-93FE-4694-8E2F-278652CF181D}.Release|Any CPU.Build.0 = Release|Any CPU
		{6E3A2086-3473-4AAF-B2C3-1375EF4CE1A2}.Debug|Any CPU.ActiveCfg = Debug|Any CPU
		{6E3A2086-3473-4AAF-B2C3-1375EF4CE1A2}.Debug|Any CPU.Build.0 = Debug|Any CPU
		{6E3A2086-3473-4AAF-B2C3-1375EF4CE1A2}.Release|Any CPU.ActiveCfg = Release|Any CPU
		{6E3A2086-3473-4AAF-B2C3-1375EF4CE1A2}.Release|Any CPU.Build.0 = Release|Any CPU
		{26765C48-8406-4D11-AB51-DFDB92B189C7}.Debug|Any CPU.ActiveCfg = Debug|Any CPU
		{26765C48-8406-4D11-AB51-DFDB92B189C7}.Debug|Any CPU.Build.0 = Debug|Any CPU
		{26765C48-8406-4D11-AB51-DFDB92B189C7}.Release|Any CPU.ActiveCfg = Release|Any CPU
		{26765C48-8406-4D11-AB51-DFDB92B189C7}.Release|Any CPU.Build.0 = Release|Any CPU
		{C041D313-7342-4959-B811-6B34127934DA}.Debug|Any CPU.ActiveCfg = Debug|Any CPU
		{C041D313-7342-4959-B811-6B34127934DA}.Debug|Any CPU.Build.0 = Debug|Any CPU
		{C041D313-7342-4959-B811-6B34127934DA}.Release|Any CPU.ActiveCfg = Release|Any CPU
		{C041D313-7342-4959-B811-6B34127934DA}.Release|Any CPU.Build.0 = Release|Any CPU
	EndGlobalSection
	GlobalSection(SolutionProperties) = preSolution
		HideSolutionNode = FALSE
	EndGlobalSection
	GlobalSection(ExtensibilityGlobals) = postSolution
		SolutionGuid = {FB23A806-A397-47D1-82DB-EF4FDDEE0CD6}
	EndGlobalSection
EndGlobal
