
Microsoft Visual Studio Solution File, Format Version 12.00
# Visual Studio Version 16
VisualStudioVersion = 16.0.29411.138
MinimumVisualStudioVersion = 10.0.40219.1
Project("{FAE04EC0-301F-11D3-BF4B-00C04F79EFBC}") = "U1_EventProcedures", "U1_EventProcedures\U1_EventProcedures.csproj", "{DCE62CFC-887F-4B91-9169-2F321654B06F}"
EndProject
Project("{FAE04EC0-301F-11D3-BF4B-00C04F79EFBC}") = "U1_ButtonControl", "U1_ButtonControl\U1_ButtonControl.csproj", "{F6ECAEFD-DC84-42DB-BCCC-F4B5C9C517FC}"
EndProject
Project("{FAE04EC0-301F-11D3-BF4B-00C04F79EFBC}") = "U1_HelloWorld", "U1_HelloWorld\U1_HelloWorld.csproj", "{943E5B31-93FE-4694-8E2F-278652CF181D}"
EndProject
Project("{FAE04EC0-301F-11D3-BF4B-00C04F79EFBC}") = "U1_LabelPicBoxControl", "U1_LabelPicBoxControl\U1_LabelPicBoxControl.csproj", "{6E3A2086-3473-4AAF-B2C3-1375EF4CE1A2}"
EndProject
Project("{FAE04EC0-301F-11D3-BF4B-00C04F79EFBC}") = "U1_ListBoxControl", "U1_ListBoxControl\U1_ListBoxControl.csproj", "{26765C48-8406-4D11-AB51-DFDB92B189C7}"
EndProject
Project("{FAE04EC0-301F-11D3-BF4B-00C04F79EFBC}") = "U1_TextBoxControl", "U1_TextBoxControl\U1_TextBoxControl.csproj", "{C041D313-7342-4959-B811-6B34127934DA}"
EndProject
Project("{FAE04EC0-301F-11D3-BF4B-00C04F79EFBC}") = "U1_UPE_StateCapital_Q1", "U1_UPE_StateCapital_Q1\U1_UPE_StateCapital_Q1.csproj", "{D254B1F4-EE7F-4A3B-9066-77C529132647}"
EndProject
Project("{FAE04EC0-301F-11D3-BF4B-00C04F79EFBC}") = "U1_UPE_StateCapital_Q2", "U1_UPE_StateCapital_Q2\U1_UPE_StateCapital_Q2.csproj", "{1DE5954F-5F29-4A62-A295-796C8BA90312}"
EndProject
Project("{FAE04EC0-301F-11D3-BF4B-00C04F79EFBC}") = "U1_UPE_WawasanProject_Q3", "U1_UPE_WawasanProject_Q3\U1_UPE_WawasanProject_Q3.csproj", "{FEFC7960-615E-479C-8324-ACD940DA3646}"
EndProject
Project("{FAE04EC0-301F-11D3-BF4B-00C04F79EFBC}") = "U1_UPE_ButtonClick_Q4", "U1_UPE_ButtonClick_Q4\U1_UPE_ButtonClick_Q4.csproj", "{C0B4CD82-4EB5-4235-8765-CD3FA35BE3D2}"
EndProject
Project("{FAE04EC0-301F-11D3-BF4B-00C04F79EFBC}") = "U1_UPE_ButtonClick_Q5", "U1_UPE_ButtonClick_Q5\U1_UPE_ButtonClick_Q5.csproj", "{BBDD6870-BB02-4DBA-8AD1-0018DEBED986}"
EndProject
Project("{FAE04EC0-301F-11D3-BF4B-00C04F79EFBC}") = "U1_TextBoxEnable_Q6", "U1_TextBoxEnable_Q6\U1_TextBoxEnable_Q6.csproj", "{56AFD333-7D60-4D7A-B6E0-BFC8BB9BA15B}"
EndProject
Project("{FAE04EC0-301F-11D3-BF4B-00C04F79EFBC}") = "U2_SingleLineSingleStatement", "U2_SingleLineSingleStatement\U2_SingleLineSingleStatement.csproj", "{78D3F09A-F8FE-4F3B-9127-7E90F6D1F2B4}"
EndProject
Project("{FAE04EC0-301F-11D3-BF4B-00C04F79EFBC}") = "U2_SingleLineSingleStatementRename", "U2_SingleLineSingleStatementRename\U2_SingleLineSingleStatementRename.csproj", "{2719A257-36B0-4A8B-99BC-C848CE5996FA}"
EndProject
Project("{FAE04EC0-301F-11D3-BF4B-00C04F79EFBC}") = "U2_SingleLineMultipleStatements", "U2_SingleLineMultipleStatements\U2_SingleLineMultipleStatements.csproj", "{6C593872-96E2-4C8E-B52E-0E82DD466788}"
EndProject
Project("{FAE04EC0-301F-11D3-BF4B-00C04F79EFBC}") = "U2_DisplayNumber", "U2_DisplayNumber\U2_DisplayNumber.csproj", "{3D126F5C-D293-4E6C-AA9E-5AD445B9021D}"
EndProject
Project("{FAE04EC0-301F-11D3-BF4B-00C04F79EFBC}") = "U2_DataTypeInt", "U2_DataTypeInt\U2_DataTypeInt.csproj", "{CC22C9C0-6038-4E1C-8399-B03FB910256B}"
EndProject
Project("{FAE04EC0-301F-11D3-BF4B-00C04F79EFBC}") = "U2_CalculateProfit", "U2_CalculateProfit\U2_CalculateProfit.csproj", "{06B3E9A4-CD4A-477F-82F1-255D3D81EF74}"
EndProject
Project("{FAE04EC0-301F-11D3-BF4B-00C04F79EFBC}") = "U2_StationeryCost", "U2_StationeryCost\U2_StationeryCost.csproj", "{5630C098-9E95-4BD3-8780-0EE82F0A5707}"
EndProject
Project("{FAE04EC0-301F-11D3-BF4B-00C04F79EFBC}") = "U2_ArithmeticRules", "U2_ArithmeticRules\U2_ArithmeticRules.csproj", "{95576348-C138-41F8-BCF3-C0BD7F6F87DE}"
EndProject
Project("{FAE04EC0-301F-11D3-BF4B-00C04F79EFBC}") = "U2_ArithmeticRules_Q1", "U2_ArithmeticRules_Q1\U2_ArithmeticRules_Q1.csproj", "{397653AF-01D2-4792-9047-CCCDE29DA5CD}"
EndProject
Project("{FAE04EC0-301F-11D3-BF4B-00C04F79EFBC}") = "U2_ArithmeticRules_Q2", "U2_ArithmeticRules_Q2\U2_ArithmeticRules_Q2.csproj", "{F526A4BD-56FB-4E64-89D1-4638C1863B1F}"
EndProject
Project("{FAE04EC0-301F-11D3-BF4B-00C04F79EFBC}") = "U2_ArithmeticRules_Q3", "U2_ArithmeticRules_Q3\U2_ArithmeticRules_Q3.csproj", "{B5CEAFB9-3B1D-494E-99F1-4C5CE7C9C729}"
EndProject
Project("{FAE04EC0-301F-11D3-BF4B-00C04F79EFBC}") = "U2_SquareRoot", "U2_SquareRoot\U2_SquareRoot.csproj", "{59361B63-D310-4C80-ADD8-83891E242F76}"
EndProject
Project("{FAE04EC0-301F-11D3-BF4B-00C04F79EFBC}") = "U2_ArithmeticRulesMsgBox_Q3", "U2_ArithmeticRulesMsgBox_Q3\U2_ArithmeticRulesMsgBox_Q3.csproj", "{A8832DD2-E3C1-452D-8AEF-BF4FA3AFEE0F}"
EndProject
Project("{FAE04EC0-301F-11D3-BF4B-00C04F79EFBC}") = "U2_Concatenation", "U2_Concatenation\U2_Concatenation.csproj", "{B1911819-78DB-400A-9154-793F4F921993}"
EndProject
Project("{FAE04EC0-301F-11D3-BF4B-00C04F79EFBC}") = "U2_ConcatenationName", "U2_ConcatenationName\U2_ConcatenationName.csproj", "{AA8E095D-9381-4E07-A343-8823E3FD2F38}"
EndProject
Project("{FAE04EC0-301F-11D3-BF4B-00C04F79EFBC}") = "U2_LengthMethod", "U2_LengthMethod\U2_LengthMethod.csproj", "{8F31FA2E-F76D-4DED-B9C4-5698BCBE065C}"
EndProject
Project("{FAE04EC0-301F-11D3-BF4B-00C04F79EFBC}") = "U2_SquareRootRound", "U2_SquareRootRound\U2_SquareRootRound.csproj", "{1E4F912B-3B32-47ED-A22B-54F7E3373FC4}"
EndProject
Project("{FAE04EC0-301F-11D3-BF4B-00C04F79EFBC}") = "U2_DateTime", "U2_DateTime\U2_DateTime.csproj", "{215BFFF0-BDC5-4D57-8BC9-DA6664FDAEAA}"
EndProject
Project("{FAE04EC0-301F-11D3-BF4B-00C04F79EFBC}") = "U2_DateTimeAge", "U2_DateTimeAge\U2_DateTimeAge.csproj", "{1FEFF5B6-A71A-4D05-AE9E-1CF012354A66}"
EndProject
Project("{FAE04EC0-301F-11D3-BF4B-00C04F79EFBC}") = "U2_Circle", "U2_Circle\U2_Circle.csproj", "{43FA1B62-EF7F-4D72-8DE2-2A93668F85DA}"
EndProject
Project("{FAE04EC0-301F-11D3-BF4B-00C04F79EFBC}") = "U2_SquareCubes", "U2_SquareCubes\U2_SquareCubes.csproj", "{66E1117D-76F4-43F7-A047-5E0E263A27E7}"
EndProject
Project("{FAE04EC0-301F-11D3-BF4B-00C04F79EFBC}") = "U2_ConcatenateKeyboard", "U2_ConcatenateKeyboard\U2_ConcatenateKeyboard.csproj", "{A4F9FF49-86C5-4A58-BE08-12D036BFF59E}"
EndProject
Project("{FAE04EC0-301F-11D3-BF4B-00C04F79EFBC}") = "U2_DateTimeCompare", "U2_DateTimeCompare\U2_DateTimeCompare.csproj", "{1028A4F4-DC21-4B8E-BD72-469E75BBF8D3}"
EndProject
Project("{FAE04EC0-301F-11D3-BF4B-00C04F79EFBC}") = "U2_DataTypeDefaultValue", "U2_DataTypeDefaultValue\U2_DataTypeDefaultValue.csproj", "{2B7D4D7E-BEAA-42E9-8968-D129A5307956}"
EndProject
Project("{FAE04EC0-301F-11D3-BF4B-00C04F79EFBC}") = "U2_ObjectFunctionality", "U2_ObjectFunctionality\U2_ObjectFunctionality.csproj", "{F8A86D9E-9311-4E20-941D-FACCE83B47CB}"
EndProject
Project("{FAE04EC0-301F-11D3-BF4B-00C04F79EFBC}") = "U2_MsgBox", "U2_MsgBox\U2_MsgBox.csproj", "{0036BCC3-15F2-4C9E-9F71-B9248FD76999}"
EndProject
Project("{FAE04EC0-301F-11D3-BF4B-00C04F79EFBC}") = "U2_String", "U2_String\U2_String.csproj", "{AD54A4B6-401F-4CF2-95BD-096854B0E3F6}"
EndProject
Project("{FAE04EC0-301F-11D3-BF4B-00C04F79EFBC}") = "U2_DataTypeEnum", "U2_DataTypeEnum\U2_DataTypeEnum.csproj", "{918BD4DA-AC8E-4985-B078-04B3CC8216BB}"
EndProject
Project("{FAE04EC0-301F-11D3-BF4B-00C04F79EFBC}") = "U2_DataTypeStruct", "U2_DataTypeStruct\U2_DataTypeStruct.csproj", "{89A29EAD-6A71-49C3-9625-878F5A96D376}"
EndProject
Project("{FAE04EC0-301F-11D3-BF4B-00C04F79EFBC}") = "U2_DataTypeStructConstructor", "U2_DataTypeStructConstructor\U2_DataTypeStructConstructor.csproj", "{C11267C0-F5B0-4BB9-8597-D5480A6A8072}"
EndProject
Project("{FAE04EC0-301F-11D3-BF4B-00C04F79EFBC}") = "U2_DataTypeStructConstructorThis", "U2_DataTypeStructConstructorThis\U2_DataTypeStructConstructorThis.csproj", "{551E8D65-D4D0-437E-9002-9F2A5145437B}"
EndProject
Project("{FAE04EC0-301F-11D3-BF4B-00C04F79EFBC}") = "U2_DataTypeClass", "U2_DataTypeClass\U2_DataTypeClass.csproj", "{416B225B-D81D-4B4F-84F4-A146A0438ADB}"
EndProject
Project("{FAE04EC0-301F-11D3-BF4B-00C04F79EFBC}") = "U2_ArithmeticRulesCombinedAssignment", "U2_ArithmeticRulesCombinedAssignment\U2_ArithmeticRulesCombinedAssignment.csproj", "{F82E51BB-B75D-4D80-B9F1-6AE1255298DC}"
EndProject
Project("{FAE04EC0-301F-11D3-BF4B-00C04F79EFBC}") = "U2_DecisionStructureIf_EvenNumber", "U2_DecisionStructureIf_EvenNumber\U2_DecisionStructureIf_EvenNumber.csproj", "{08A7E460-5439-4DD6-AD6A-44CE5156E5CE}"
EndProject
Project("{FAE04EC0-301F-11D3-BF4B-00C04F79EFBC}") = "U2_DecisionStructureIfElse_Login", "U2_DecisionStructureIfElse_Login\U2_DecisionStructureIfElse_Login.csproj", "{2B291C11-D272-47D4-9B1E-CC422780D526}"
EndProject
Project("{FAE04EC0-301F-11D3-BF4B-00C04F79EFBC}") = "U2_DecisionStructureIfElse_OddEvenNumber", "U2_DecisionStructureIfElse_OddEvenNumber\U2_DecisionStructureIfElse_OddEvenNumber.csproj", "{1C19C9BB-42C0-47A3-BFDB-1B59B7060A3D}"
EndProject
Project("{FAE04EC0-301F-11D3-BF4B-00C04F79EFBC}") = "U2_DecisionStructureIfElseIf_Age", "U2_DecisionStructureIfElseIf_Age\U2_DecisionStructureIfElseIf_Age.csproj", "{BA661E92-FEF7-45FD-9DEE-34C09D0E5AF4}"
EndProject
Project("{FAE04EC0-301F-11D3-BF4B-00C04F79EFBC}") = "U2_DecisionStructureSwitch_ProgLang1", "U2_DecisionStructureSwitch_ProgLang1\U2_DecisionStructureSwitch_ProgLang1.csproj", "{9361614E-10E2-4581-9ED1-67B33575146F}"
EndProject
Project("{FAE04EC0-301F-11D3-BF4B-00C04F79EFBC}") = "U2_DecisionStructureSwitch_ProgLang2", "U2_DecisionStructureSwitch_ProgLang2\U2_DecisionStructureSwitch_ProgLang2.csproj", "{469DEE92-1799-4EEB-B48A-C248CA3692F7}"
EndProject
Project("{FAE04EC0-301F-11D3-BF4B-00C04F79EFBC}") = "U2_DecisionStructureSwitch_EnumFavDay1", "U2_DecisionStructureSwitch_EnumFavDay1\U2_DecisionStructureSwitch_EnumFavDay1.csproj", "{ADBF405F-514D-4655-AF3E-96034DFE9043}"
EndProject
Project("{FAE04EC0-301F-11D3-BF4B-00C04F79EFBC}") = "U2_DecisionStructureSwitch_EnumFavDay2", "U2_DecisionStructureSwitch_EnumFavDay2\U2_DecisionStructureSwitch_EnumFavDay2.csproj", "{9E4FCF69-D190-4BBF-9566-0DF7114EC180}"
EndProject
Project("{FAE04EC0-301F-11D3-BF4B-00C04F79EFBC}") = "U2_DecisionStructureIfElse_LargerNumber", "U2_DecisionStructureIfElse_LargerNumber\U2_DecisionStructureIfElse_LargerNumber.csproj", "{CF506594-6C46-4B42-BE24-897C5A7E01FE}"
EndProject
Project("{FAE04EC0-301F-11D3-BF4B-00C04F79EFBC}") = "U2_DecisionStructureIf_CGPAStudent", "U2_DecisionStructureIf_CGPAStudent\U2_DecisionStructureIf_CGPAStudent.csproj", "{F4347837-FFB8-4A5B-BDA1-CDAACA9E4B77}"
EndProject
Project("{FAE04EC0-301F-11D3-BF4B-00C04F79EFBC}") = "U2_DecisionStructureIfElse_Arithmetic", "U2_DecisionStructureIfElse_Arithmetic\U2_DecisionStructureIfElse_Arithmetic.csproj", "{085677C8-4DBA-46C5-96C4-640AB6ED6A80}"
EndProject
Project("{FAE04EC0-301F-11D3-BF4B-00C04F79EFBC}") = "U2_DecisionStructureIfElse_EligibleStudy", "U2_DecisionStructureIfElse_EligibleStudy\U2_DecisionStructureIfElse_EligibleStudy.csproj", "{015E06A2-D55E-4BBE-89D8-5BBB5720F55E}"
EndProject
Project("{FAE04EC0-301F-11D3-BF4B-00C04F79EFBC}") = "U2_DecisionStructureIfElseIf_MarksAndGrade", "U2_DecisionStructureIfElseIf_MarksAndGrade\U2_DecisionStructureIfElseIf_MarksAndGrade.csproj", "{0B2AECDB-84CE-444E-9B27-1CA4E18DA058}"
EndProject
Project("{FAE04EC0-301F-11D3-BF4B-00C04F79EFBC}") = "U2_DecisionStructureIfElseIf_LargerNumber", "U2_DecisionStructureIfElseIf_LargerNumber\U2_DecisionStructureIfElseIf_LargerNumber.csproj", "{C1A37BEF-3D71-49E8-BC7B-0939886C24FF}"
EndProject
Project("{FAE04EC0-301F-11D3-BF4B-00C04F79EFBC}") = "U2_DecisionStructureIfElseIf_Welcome", "U2_DecisionStructureIfElseIf_Welcome\U2_DecisionStructureIfElseIf_Welcome.csproj", "{4A779C84-1601-4D73-A6EF-8CEFF26C5D60}"
EndProject
Project("{FAE04EC0-301F-11D3-BF4B-00C04F79EFBC}") = "U2_DecisionStructureIfElseIf_Number", "U2_DecisionStructureIfElseIf_Number\U2_DecisionStructureIfElseIf_Number.csproj", "{731DFAB3-0DC5-46E9-8379-81EE01EB72F0}"
EndProject
Project("{FAE04EC0-301F-11D3-BF4B-00C04F79EFBC}") = "U2_DecisionStructureSwitch_OddEvenNumber", "U2_DecisionStructureSwitch_OddEvenNumber\U2_DecisionStructureSwitch_OddEvenNumber.csproj", "{6938028B-D717-4B94-9C1C-A13C735280E8}"
EndProject
Project("{FAE04EC0-301F-11D3-BF4B-00C04F79EFBC}") = "U2_DecisionStructureSwitch_EnterNumber1", "U2_DecisionStructureSwitch_EnterNumber1\U2_DecisionStructureSwitch_EnterNumber1.csproj", "{5711F750-2EC7-407D-9E90-C42674A30F78}"
EndProject
Project("{FAE04EC0-301F-11D3-BF4B-00C04F79EFBC}") = "U2_DecisionStructureConditionalOperator_OddEvenNumber", "U2_DecisionStructureConditionalOperator_OddEvenNumber\U2_DecisionStructureConditionalOperator_OddEvenNumber.csproj", "{9761E4C0-69BA-49FA-900B-BB0A3149693F}"
EndProject
Project("{FAE04EC0-301F-11D3-BF4B-00C04F79EFBC}") = "U2_DecisionStructureSwitch_EnterNumber2", "U2_DecisionStructureSwitch_EnterNumber2\U2_DecisionStructureSwitch_EnterNumber2.csproj", "{AFC91DD0-8D19-4F1B-8170-257DC8CA8325}"
EndProject
Project("{FAE04EC0-301F-11D3-BF4B-00C04F79EFBC}") = "U2_DecisionStructureSwitch_PatternMatching1", "U2_DecisionStructureSwitch_PatternMatching1\U2_DecisionStructureSwitch_PatternMatching1.csproj", "{45DB29D6-C552-4FAB-ACDD-754C97E9BDE6}"
EndProject
Project("{FAE04EC0-301F-11D3-BF4B-00C04F79EFBC}") = "U2_DecisionStructureSwitch_PatternMatching2", "U2_DecisionStructureSwitch_PatternMatching2\U2_DecisionStructureSwitch_PatternMatching2.csproj", "{8594A354-5FBF-4185-AA56-2A44BFEF90E8}"
EndProject
Project("{FAE04EC0-301F-11D3-BF4B-00C04F79EFBC}") = "U2_LoopStructureWhile", "U2_LoopStructureWhile\U2_LoopStructureWhile.csproj", "{02AD598F-EA9C-4C71-9218-9B458575CFDF}"
EndProject
Project("{FAE04EC0-301F-11D3-BF4B-00C04F79EFBC}") = "U2_LoopStructureDoWhile", "U2_LoopStructureDoWhile\U2_LoopStructureDoWhile.csproj", "{7CEDF923-792A-49A7-BF40-C744A842A281}"
EndProject
Project("{FAE04EC0-301F-11D3-BF4B-00C04F79EFBC}") = "U2_LoopStructureFor", "U2_LoopStructureFor\U2_LoopStructureFor.csproj", "{A0F218E4-5002-422B-B75E-F885743557F0}"
EndProject
Project("{FAE04EC0-301F-11D3-BF4B-00C04F79EFBC}") = "U2_LoopStructureForeach", "U2_LoopStructureForeach\U2_LoopStructureForeach.csproj", "{65430DC6-A517-42B0-AA53-01E096B52B89}"
EndProject
Project("{FAE04EC0-301F-11D3-BF4B-00C04F79EFBC}") = "U2_LoopStructureForeach_Linq", "U2_LoopStructureForeach_Linq\U2_LoopStructureForeach_Linq.csproj", "{8373695F-33BB-4E9A-870A-52E6FAA0944C}"
EndProject
Project("{FAE04EC0-301F-11D3-BF4B-00C04F79EFBC}") = "U2_JumpStructureGoto", "U2_JumpStructureGoto\U2_JumpStructureGoto.csproj", "{E50B0E3E-FCF7-4758-B82F-FB6076C038B5}"
EndProject
Project("{FAE04EC0-301F-11D3-BF4B-00C04F79EFBC}") = "U2_JumpStructureBreak", "U2_JumpStructureBreak\U2_JumpStructureBreak.csproj", "{008028EF-6EE8-49FD-A4AA-A47349852BB1}"
EndProject
Project("{FAE04EC0-301F-11D3-BF4B-00C04F79EFBC}") = "U2_JumpStructureContinue", "U2_JumpStructureContinue\U2_JumpStructureContinue.csproj", "{C053554E-FE62-497F-BB19-570B09036B1C}"
EndProject
Project("{FAE04EC0-301F-11D3-BF4B-00C04F79EFBC}") = "U2_JumpStructureReturn", "U2_JumpStructureReturn\U2_JumpStructureReturn.csproj", "{311426F5-1859-47B2-A781-41642FA271D3}"
EndProject
Global
	GlobalSection(SolutionConfigurationPlatforms) = preSolution
		Debug|Any CPU = Debug|Any CPU
		Release|Any CPU = Release|Any CPU
	EndGlobalSection
	GlobalSection(ProjectConfigurationPlatforms) = postSolution
		{DCE62CFC-887F-4B91-9169-2F321654B06F}.Debug|Any CPU.ActiveCfg = Debug|Any CPU
		{DCE62CFC-887F-4B91-9169-2F321654B06F}.Debug|Any CPU.Build.0 = Debug|Any CPU
		{DCE62CFC-887F-4B91-9169-2F321654B06F}.Release|Any CPU.ActiveCfg = Release|Any CPU
		{DCE62CFC-887F-4B91-9169-2F321654B06F}.Release|Any CPU.Build.0 = Release|Any CPU
		{F6ECAEFD-DC84-42DB-BCCC-F4B5C9C517FC}.Debug|Any CPU.ActiveCfg = Debug|Any CPU
		{F6ECAEFD-DC84-42DB-BCCC-F4B5C9C517FC}.Debug|Any CPU.Build.0 = Debug|Any CPU
		{F6ECAEFD-DC84-42DB-BCCC-F4B5C9C517FC}.Release|Any CPU.ActiveCfg = Release|Any CPU
		{F6ECAEFD-DC84-42DB-BCCC-F4B5C9C517FC}.Release|Any CPU.Build.0 = Release|Any CPU
		{943E5B31-93FE-4694-8E2F-278652CF181D}.Debug|Any CPU.ActiveCfg = Debug|Any CPU
		{943E5B31-93FE-4694-8E2F-278652CF181D}.Debug|Any CPU.Build.0 = Debug|Any CPU
		{943E5B31-93FE-4694-8E2F-278652CF181D}.Release|Any CPU.ActiveCfg = Release|Any CPU
		{943E5B31-93FE-4694-8E2F-278652CF181D}.Release|Any CPU.Build.0 = Release|Any CPU
		{6E3A2086-3473-4AAF-B2C3-1375EF4CE1A2}.Debug|Any CPU.ActiveCfg = Debug|Any CPU
		{6E3A2086-3473-4AAF-B2C3-1375EF4CE1A2}.Debug|Any CPU.Build.0 = Debug|Any CPU
		{6E3A2086-3473-4AAF-B2C3-1375EF4CE1A2}.Release|Any CPU.ActiveCfg = Release|Any CPU
		{6E3A2086-3473-4AAF-B2C3-1375EF4CE1A2}.Release|Any CPU.Build.0 = Release|Any CPU
		{26765C48-8406-4D11-AB51-DFDB92B189C7}.Debug|Any CPU.ActiveCfg = Debug|Any CPU
		{26765C48-8406-4D11-AB51-DFDB92B189C7}.Debug|Any CPU.Build.0 = Debug|Any CPU
		{26765C48-8406-4D11-AB51-DFDB92B189C7}.Release|Any CPU.ActiveCfg = Release|Any CPU
		{26765C48-8406-4D11-AB51-DFDB92B189C7}.Release|Any CPU.Build.0 = Release|Any CPU
		{C041D313-7342-4959-B811-6B34127934DA}.Debug|Any CPU.ActiveCfg = Debug|Any CPU
		{C041D313-7342-4959-B811-6B34127934DA}.Debug|Any CPU.Build.0 = Debug|Any CPU
		{C041D313-7342-4959-B811-6B34127934DA}.Release|Any CPU.ActiveCfg = Release|Any CPU
		{C041D313-7342-4959-B811-6B34127934DA}.Release|Any CPU.Build.0 = Release|Any CPU
		{D254B1F4-EE7F-4A3B-9066-77C529132647}.Debug|Any CPU.ActiveCfg = Debug|Any CPU
		{D254B1F4-EE7F-4A3B-9066-77C529132647}.Debug|Any CPU.Build.0 = Debug|Any CPU
		{D254B1F4-EE7F-4A3B-9066-77C529132647}.Release|Any CPU.ActiveCfg = Release|Any CPU
		{D254B1F4-EE7F-4A3B-9066-77C529132647}.Release|Any CPU.Build.0 = Release|Any CPU
		{1DE5954F-5F29-4A62-A295-796C8BA90312}.Debug|Any CPU.ActiveCfg = Debug|Any CPU
		{1DE5954F-5F29-4A62-A295-796C8BA90312}.Debug|Any CPU.Build.0 = Debug|Any CPU
		{1DE5954F-5F29-4A62-A295-796C8BA90312}.Release|Any CPU.ActiveCfg = Release|Any CPU
		{1DE5954F-5F29-4A62-A295-796C8BA90312}.Release|Any CPU.Build.0 = Release|Any CPU
		{FEFC7960-615E-479C-8324-ACD940DA3646}.Debug|Any CPU.ActiveCfg = Debug|Any CPU
		{FEFC7960-615E-479C-8324-ACD940DA3646}.Debug|Any CPU.Build.0 = Debug|Any CPU
		{FEFC7960-615E-479C-8324-ACD940DA3646}.Release|Any CPU.ActiveCfg = Release|Any CPU
		{FEFC7960-615E-479C-8324-ACD940DA3646}.Release|Any CPU.Build.0 = Release|Any CPU
		{C0B4CD82-4EB5-4235-8765-CD3FA35BE3D2}.Debug|Any CPU.ActiveCfg = Debug|Any CPU
		{C0B4CD82-4EB5-4235-8765-CD3FA35BE3D2}.Debug|Any CPU.Build.0 = Debug|Any CPU
		{C0B4CD82-4EB5-4235-8765-CD3FA35BE3D2}.Release|Any CPU.ActiveCfg = Release|Any CPU
		{C0B4CD82-4EB5-4235-8765-CD3FA35BE3D2}.Release|Any CPU.Build.0 = Release|Any CPU
		{BBDD6870-BB02-4DBA-8AD1-0018DEBED986}.Debug|Any CPU.ActiveCfg = Debug|Any CPU
		{BBDD6870-BB02-4DBA-8AD1-0018DEBED986}.Debug|Any CPU.Build.0 = Debug|Any CPU
		{BBDD6870-BB02-4DBA-8AD1-0018DEBED986}.Release|Any CPU.ActiveCfg = Release|Any CPU
		{BBDD6870-BB02-4DBA-8AD1-0018DEBED986}.Release|Any CPU.Build.0 = Release|Any CPU
		{56AFD333-7D60-4D7A-B6E0-BFC8BB9BA15B}.Debug|Any CPU.ActiveCfg = Debug|Any CPU
		{56AFD333-7D60-4D7A-B6E0-BFC8BB9BA15B}.Debug|Any CPU.Build.0 = Debug|Any CPU
		{56AFD333-7D60-4D7A-B6E0-BFC8BB9BA15B}.Release|Any CPU.ActiveCfg = Release|Any CPU
		{56AFD333-7D60-4D7A-B6E0-BFC8BB9BA15B}.Release|Any CPU.Build.0 = Release|Any CPU
		{78D3F09A-F8FE-4F3B-9127-7E90F6D1F2B4}.Debug|Any CPU.ActiveCfg = Debug|Any CPU
		{78D3F09A-F8FE-4F3B-9127-7E90F6D1F2B4}.Debug|Any CPU.Build.0 = Debug|Any CPU
		{78D3F09A-F8FE-4F3B-9127-7E90F6D1F2B4}.Release|Any CPU.ActiveCfg = Release|Any CPU
		{78D3F09A-F8FE-4F3B-9127-7E90F6D1F2B4}.Release|Any CPU.Build.0 = Release|Any CPU
		{2719A257-36B0-4A8B-99BC-C848CE5996FA}.Debug|Any CPU.ActiveCfg = Debug|Any CPU
		{2719A257-36B0-4A8B-99BC-C848CE5996FA}.Debug|Any CPU.Build.0 = Debug|Any CPU
		{2719A257-36B0-4A8B-99BC-C848CE5996FA}.Release|Any CPU.ActiveCfg = Release|Any CPU
		{2719A257-36B0-4A8B-99BC-C848CE5996FA}.Release|Any CPU.Build.0 = Release|Any CPU
		{6C593872-96E2-4C8E-B52E-0E82DD466788}.Debug|Any CPU.ActiveCfg = Debug|Any CPU
		{6C593872-96E2-4C8E-B52E-0E82DD466788}.Debug|Any CPU.Build.0 = Debug|Any CPU
		{6C593872-96E2-4C8E-B52E-0E82DD466788}.Release|Any CPU.ActiveCfg = Release|Any CPU
		{6C593872-96E2-4C8E-B52E-0E82DD466788}.Release|Any CPU.Build.0 = Release|Any CPU
		{3D126F5C-D293-4E6C-AA9E-5AD445B9021D}.Debug|Any CPU.ActiveCfg = Debug|Any CPU
		{3D126F5C-D293-4E6C-AA9E-5AD445B9021D}.Debug|Any CPU.Build.0 = Debug|Any CPU
		{3D126F5C-D293-4E6C-AA9E-5AD445B9021D}.Release|Any CPU.ActiveCfg = Release|Any CPU
		{3D126F5C-D293-4E6C-AA9E-5AD445B9021D}.Release|Any CPU.Build.0 = Release|Any CPU
		{CC22C9C0-6038-4E1C-8399-B03FB910256B}.Debug|Any CPU.ActiveCfg = Debug|Any CPU
		{CC22C9C0-6038-4E1C-8399-B03FB910256B}.Debug|Any CPU.Build.0 = Debug|Any CPU
		{CC22C9C0-6038-4E1C-8399-B03FB910256B}.Release|Any CPU.ActiveCfg = Release|Any CPU
		{CC22C9C0-6038-4E1C-8399-B03FB910256B}.Release|Any CPU.Build.0 = Release|Any CPU
		{06B3E9A4-CD4A-477F-82F1-255D3D81EF74}.Debug|Any CPU.ActiveCfg = Debug|Any CPU
		{06B3E9A4-CD4A-477F-82F1-255D3D81EF74}.Debug|Any CPU.Build.0 = Debug|Any CPU
		{06B3E9A4-CD4A-477F-82F1-255D3D81EF74}.Release|Any CPU.ActiveCfg = Release|Any CPU
		{06B3E9A4-CD4A-477F-82F1-255D3D81EF74}.Release|Any CPU.Build.0 = Release|Any CPU
		{5630C098-9E95-4BD3-8780-0EE82F0A5707}.Debug|Any CPU.ActiveCfg = Debug|Any CPU
		{5630C098-9E95-4BD3-8780-0EE82F0A5707}.Debug|Any CPU.Build.0 = Debug|Any CPU
		{5630C098-9E95-4BD3-8780-0EE82F0A5707}.Release|Any CPU.ActiveCfg = Release|Any CPU
		{5630C098-9E95-4BD3-8780-0EE82F0A5707}.Release|Any CPU.Build.0 = Release|Any CPU
		{95576348-C138-41F8-BCF3-C0BD7F6F87DE}.Debug|Any CPU.ActiveCfg = Debug|Any CPU
		{95576348-C138-41F8-BCF3-C0BD7F6F87DE}.Debug|Any CPU.Build.0 = Debug|Any CPU
		{95576348-C138-41F8-BCF3-C0BD7F6F87DE}.Release|Any CPU.ActiveCfg = Release|Any CPU
		{95576348-C138-41F8-BCF3-C0BD7F6F87DE}.Release|Any CPU.Build.0 = Release|Any CPU
		{397653AF-01D2-4792-9047-CCCDE29DA5CD}.Debug|Any CPU.ActiveCfg = Debug|Any CPU
		{397653AF-01D2-4792-9047-CCCDE29DA5CD}.Debug|Any CPU.Build.0 = Debug|Any CPU
		{397653AF-01D2-4792-9047-CCCDE29DA5CD}.Release|Any CPU.ActiveCfg = Release|Any CPU
		{397653AF-01D2-4792-9047-CCCDE29DA5CD}.Release|Any CPU.Build.0 = Release|Any CPU
		{F526A4BD-56FB-4E64-89D1-4638C1863B1F}.Debug|Any CPU.ActiveCfg = Debug|Any CPU
		{F526A4BD-56FB-4E64-89D1-4638C1863B1F}.Debug|Any CPU.Build.0 = Debug|Any CPU
		{F526A4BD-56FB-4E64-89D1-4638C1863B1F}.Release|Any CPU.ActiveCfg = Release|Any CPU
		{F526A4BD-56FB-4E64-89D1-4638C1863B1F}.Release|Any CPU.Build.0 = Release|Any CPU
		{B5CEAFB9-3B1D-494E-99F1-4C5CE7C9C729}.Debug|Any CPU.ActiveCfg = Debug|Any CPU
		{B5CEAFB9-3B1D-494E-99F1-4C5CE7C9C729}.Debug|Any CPU.Build.0 = Debug|Any CPU
		{B5CEAFB9-3B1D-494E-99F1-4C5CE7C9C729}.Release|Any CPU.ActiveCfg = Release|Any CPU
		{B5CEAFB9-3B1D-494E-99F1-4C5CE7C9C729}.Release|Any CPU.Build.0 = Release|Any CPU
		{59361B63-D310-4C80-ADD8-83891E242F76}.Debug|Any CPU.ActiveCfg = Debug|Any CPU
		{59361B63-D310-4C80-ADD8-83891E242F76}.Debug|Any CPU.Build.0 = Debug|Any CPU
		{59361B63-D310-4C80-ADD8-83891E242F76}.Release|Any CPU.ActiveCfg = Release|Any CPU
		{59361B63-D310-4C80-ADD8-83891E242F76}.Release|Any CPU.Build.0 = Release|Any CPU
		{A8832DD2-E3C1-452D-8AEF-BF4FA3AFEE0F}.Debug|Any CPU.ActiveCfg = Debug|Any CPU
		{A8832DD2-E3C1-452D-8AEF-BF4FA3AFEE0F}.Debug|Any CPU.Build.0 = Debug|Any CPU
		{A8832DD2-E3C1-452D-8AEF-BF4FA3AFEE0F}.Release|Any CPU.ActiveCfg = Release|Any CPU
		{A8832DD2-E3C1-452D-8AEF-BF4FA3AFEE0F}.Release|Any CPU.Build.0 = Release|Any CPU
		{B1911819-78DB-400A-9154-793F4F921993}.Debug|Any CPU.ActiveCfg = Debug|Any CPU
		{B1911819-78DB-400A-9154-793F4F921993}.Debug|Any CPU.Build.0 = Debug|Any CPU
		{B1911819-78DB-400A-9154-793F4F921993}.Release|Any CPU.ActiveCfg = Release|Any CPU
		{B1911819-78DB-400A-9154-793F4F921993}.Release|Any CPU.Build.0 = Release|Any CPU
		{AA8E095D-9381-4E07-A343-8823E3FD2F38}.Debug|Any CPU.ActiveCfg = Debug|Any CPU
		{AA8E095D-9381-4E07-A343-8823E3FD2F38}.Debug|Any CPU.Build.0 = Debug|Any CPU
		{AA8E095D-9381-4E07-A343-8823E3FD2F38}.Release|Any CPU.ActiveCfg = Release|Any CPU
		{AA8E095D-9381-4E07-A343-8823E3FD2F38}.Release|Any CPU.Build.0 = Release|Any CPU
		{8F31FA2E-F76D-4DED-B9C4-5698BCBE065C}.Debug|Any CPU.ActiveCfg = Debug|Any CPU
		{8F31FA2E-F76D-4DED-B9C4-5698BCBE065C}.Debug|Any CPU.Build.0 = Debug|Any CPU
		{8F31FA2E-F76D-4DED-B9C4-5698BCBE065C}.Release|Any CPU.ActiveCfg = Release|Any CPU
		{8F31FA2E-F76D-4DED-B9C4-5698BCBE065C}.Release|Any CPU.Build.0 = Release|Any CPU
		{1E4F912B-3B32-47ED-A22B-54F7E3373FC4}.Debug|Any CPU.ActiveCfg = Debug|Any CPU
		{1E4F912B-3B32-47ED-A22B-54F7E3373FC4}.Debug|Any CPU.Build.0 = Debug|Any CPU
		{1E4F912B-3B32-47ED-A22B-54F7E3373FC4}.Release|Any CPU.ActiveCfg = Release|Any CPU
		{1E4F912B-3B32-47ED-A22B-54F7E3373FC4}.Release|Any CPU.Build.0 = Release|Any CPU
		{215BFFF0-BDC5-4D57-8BC9-DA6664FDAEAA}.Debug|Any CPU.ActiveCfg = Debug|Any CPU
		{215BFFF0-BDC5-4D57-8BC9-DA6664FDAEAA}.Debug|Any CPU.Build.0 = Debug|Any CPU
		{215BFFF0-BDC5-4D57-8BC9-DA6664FDAEAA}.Release|Any CPU.ActiveCfg = Release|Any CPU
		{215BFFF0-BDC5-4D57-8BC9-DA6664FDAEAA}.Release|Any CPU.Build.0 = Release|Any CPU
		{1FEFF5B6-A71A-4D05-AE9E-1CF012354A66}.Debug|Any CPU.ActiveCfg = Debug|Any CPU
		{1FEFF5B6-A71A-4D05-AE9E-1CF012354A66}.Debug|Any CPU.Build.0 = Debug|Any CPU
		{1FEFF5B6-A71A-4D05-AE9E-1CF012354A66}.Release|Any CPU.ActiveCfg = Release|Any CPU
		{1FEFF5B6-A71A-4D05-AE9E-1CF012354A66}.Release|Any CPU.Build.0 = Release|Any CPU
		{43FA1B62-EF7F-4D72-8DE2-2A93668F85DA}.Debug|Any CPU.ActiveCfg = Debug|Any CPU
		{43FA1B62-EF7F-4D72-8DE2-2A93668F85DA}.Debug|Any CPU.Build.0 = Debug|Any CPU
		{43FA1B62-EF7F-4D72-8DE2-2A93668F85DA}.Release|Any CPU.ActiveCfg = Release|Any CPU
		{43FA1B62-EF7F-4D72-8DE2-2A93668F85DA}.Release|Any CPU.Build.0 = Release|Any CPU
		{66E1117D-76F4-43F7-A047-5E0E263A27E7}.Debug|Any CPU.ActiveCfg = Debug|Any CPU
		{66E1117D-76F4-43F7-A047-5E0E263A27E7}.Debug|Any CPU.Build.0 = Debug|Any CPU
		{66E1117D-76F4-43F7-A047-5E0E263A27E7}.Release|Any CPU.ActiveCfg = Release|Any CPU
		{66E1117D-76F4-43F7-A047-5E0E263A27E7}.Release|Any CPU.Build.0 = Release|Any CPU
		{A4F9FF49-86C5-4A58-BE08-12D036BFF59E}.Debug|Any CPU.ActiveCfg = Debug|Any CPU
		{A4F9FF49-86C5-4A58-BE08-12D036BFF59E}.Debug|Any CPU.Build.0 = Debug|Any CPU
		{A4F9FF49-86C5-4A58-BE08-12D036BFF59E}.Release|Any CPU.ActiveCfg = Release|Any CPU
		{A4F9FF49-86C5-4A58-BE08-12D036BFF59E}.Release|Any CPU.Build.0 = Release|Any CPU
		{1028A4F4-DC21-4B8E-BD72-469E75BBF8D3}.Debug|Any CPU.ActiveCfg = Debug|Any CPU
		{1028A4F4-DC21-4B8E-BD72-469E75BBF8D3}.Debug|Any CPU.Build.0 = Debug|Any CPU
		{1028A4F4-DC21-4B8E-BD72-469E75BBF8D3}.Release|Any CPU.ActiveCfg = Release|Any CPU
		{1028A4F4-DC21-4B8E-BD72-469E75BBF8D3}.Release|Any CPU.Build.0 = Release|Any CPU
		{2B7D4D7E-BEAA-42E9-8968-D129A5307956}.Debug|Any CPU.ActiveCfg = Debug|Any CPU
		{2B7D4D7E-BEAA-42E9-8968-D129A5307956}.Debug|Any CPU.Build.0 = Debug|Any CPU
		{2B7D4D7E-BEAA-42E9-8968-D129A5307956}.Release|Any CPU.ActiveCfg = Release|Any CPU
		{2B7D4D7E-BEAA-42E9-8968-D129A5307956}.Release|Any CPU.Build.0 = Release|Any CPU
		{F8A86D9E-9311-4E20-941D-FACCE83B47CB}.Debug|Any CPU.ActiveCfg = Debug|Any CPU
		{F8A86D9E-9311-4E20-941D-FACCE83B47CB}.Debug|Any CPU.Build.0 = Debug|Any CPU
		{F8A86D9E-9311-4E20-941D-FACCE83B47CB}.Release|Any CPU.ActiveCfg = Release|Any CPU
		{F8A86D9E-9311-4E20-941D-FACCE83B47CB}.Release|Any CPU.Build.0 = Release|Any CPU
		{0036BCC3-15F2-4C9E-9F71-B9248FD76999}.Debug|Any CPU.ActiveCfg = Debug|Any CPU
		{0036BCC3-15F2-4C9E-9F71-B9248FD76999}.Debug|Any CPU.Build.0 = Debug|Any CPU
		{0036BCC3-15F2-4C9E-9F71-B9248FD76999}.Release|Any CPU.ActiveCfg = Release|Any CPU
		{0036BCC3-15F2-4C9E-9F71-B9248FD76999}.Release|Any CPU.Build.0 = Release|Any CPU
		{AD54A4B6-401F-4CF2-95BD-096854B0E3F6}.Debug|Any CPU.ActiveCfg = Debug|Any CPU
		{AD54A4B6-401F-4CF2-95BD-096854B0E3F6}.Debug|Any CPU.Build.0 = Debug|Any CPU
		{AD54A4B6-401F-4CF2-95BD-096854B0E3F6}.Release|Any CPU.ActiveCfg = Release|Any CPU
		{AD54A4B6-401F-4CF2-95BD-096854B0E3F6}.Release|Any CPU.Build.0 = Release|Any CPU
		{918BD4DA-AC8E-4985-B078-04B3CC8216BB}.Debug|Any CPU.ActiveCfg = Debug|Any CPU
		{918BD4DA-AC8E-4985-B078-04B3CC8216BB}.Debug|Any CPU.Build.0 = Debug|Any CPU
		{918BD4DA-AC8E-4985-B078-04B3CC8216BB}.Release|Any CPU.ActiveCfg = Release|Any CPU
		{918BD4DA-AC8E-4985-B078-04B3CC8216BB}.Release|Any CPU.Build.0 = Release|Any CPU
		{89A29EAD-6A71-49C3-9625-878F5A96D376}.Debug|Any CPU.ActiveCfg = Debug|Any CPU
		{89A29EAD-6A71-49C3-9625-878F5A96D376}.Debug|Any CPU.Build.0 = Debug|Any CPU
		{89A29EAD-6A71-49C3-9625-878F5A96D376}.Release|Any CPU.ActiveCfg = Release|Any CPU
		{89A29EAD-6A71-49C3-9625-878F5A96D376}.Release|Any CPU.Build.0 = Release|Any CPU
		{C11267C0-F5B0-4BB9-8597-D5480A6A8072}.Debug|Any CPU.ActiveCfg = Debug|Any CPU
		{C11267C0-F5B0-4BB9-8597-D5480A6A8072}.Debug|Any CPU.Build.0 = Debug|Any CPU
		{C11267C0-F5B0-4BB9-8597-D5480A6A8072}.Release|Any CPU.ActiveCfg = Release|Any CPU
		{C11267C0-F5B0-4BB9-8597-D5480A6A8072}.Release|Any CPU.Build.0 = Release|Any CPU
		{551E8D65-D4D0-437E-9002-9F2A5145437B}.Debug|Any CPU.ActiveCfg = Debug|Any CPU
		{551E8D65-D4D0-437E-9002-9F2A5145437B}.Debug|Any CPU.Build.0 = Debug|Any CPU
		{551E8D65-D4D0-437E-9002-9F2A5145437B}.Release|Any CPU.ActiveCfg = Release|Any CPU
		{551E8D65-D4D0-437E-9002-9F2A5145437B}.Release|Any CPU.Build.0 = Release|Any CPU
		{416B225B-D81D-4B4F-84F4-A146A0438ADB}.Debug|Any CPU.ActiveCfg = Debug|Any CPU
		{416B225B-D81D-4B4F-84F4-A146A0438ADB}.Debug|Any CPU.Build.0 = Debug|Any CPU
		{416B225B-D81D-4B4F-84F4-A146A0438ADB}.Release|Any CPU.ActiveCfg = Release|Any CPU
		{416B225B-D81D-4B4F-84F4-A146A0438ADB}.Release|Any CPU.Build.0 = Release|Any CPU
		{F82E51BB-B75D-4D80-B9F1-6AE1255298DC}.Debug|Any CPU.ActiveCfg = Debug|Any CPU
		{F82E51BB-B75D-4D80-B9F1-6AE1255298DC}.Debug|Any CPU.Build.0 = Debug|Any CPU
		{F82E51BB-B75D-4D80-B9F1-6AE1255298DC}.Release|Any CPU.ActiveCfg = Release|Any CPU
		{F82E51BB-B75D-4D80-B9F1-6AE1255298DC}.Release|Any CPU.Build.0 = Release|Any CPU
		{08A7E460-5439-4DD6-AD6A-44CE5156E5CE}.Debug|Any CPU.ActiveCfg = Debug|Any CPU
		{08A7E460-5439-4DD6-AD6A-44CE5156E5CE}.Debug|Any CPU.Build.0 = Debug|Any CPU
		{08A7E460-5439-4DD6-AD6A-44CE5156E5CE}.Release|Any CPU.ActiveCfg = Release|Any CPU
		{08A7E460-5439-4DD6-AD6A-44CE5156E5CE}.Release|Any CPU.Build.0 = Release|Any CPU
		{2B291C11-D272-47D4-9B1E-CC422780D526}.Debug|Any CPU.ActiveCfg = Debug|Any CPU
		{2B291C11-D272-47D4-9B1E-CC422780D526}.Debug|Any CPU.Build.0 = Debug|Any CPU
		{2B291C11-D272-47D4-9B1E-CC422780D526}.Release|Any CPU.ActiveCfg = Release|Any CPU
		{2B291C11-D272-47D4-9B1E-CC422780D526}.Release|Any CPU.Build.0 = Release|Any CPU
		{1C19C9BB-42C0-47A3-BFDB-1B59B7060A3D}.Debug|Any CPU.ActiveCfg = Debug|Any CPU
		{1C19C9BB-42C0-47A3-BFDB-1B59B7060A3D}.Debug|Any CPU.Build.0 = Debug|Any CPU
		{1C19C9BB-42C0-47A3-BFDB-1B59B7060A3D}.Release|Any CPU.ActiveCfg = Release|Any CPU
		{1C19C9BB-42C0-47A3-BFDB-1B59B7060A3D}.Release|Any CPU.Build.0 = Release|Any CPU
		{BA661E92-FEF7-45FD-9DEE-34C09D0E5AF4}.Debug|Any CPU.ActiveCfg = Debug|Any CPU
		{BA661E92-FEF7-45FD-9DEE-34C09D0E5AF4}.Debug|Any CPU.Build.0 = Debug|Any CPU
		{BA661E92-FEF7-45FD-9DEE-34C09D0E5AF4}.Release|Any CPU.ActiveCfg = Release|Any CPU
		{BA661E92-FEF7-45FD-9DEE-34C09D0E5AF4}.Release|Any CPU.Build.0 = Release|Any CPU
		{9361614E-10E2-4581-9ED1-67B33575146F}.Debug|Any CPU.ActiveCfg = Debug|Any CPU
		{9361614E-10E2-4581-9ED1-67B33575146F}.Debug|Any CPU.Build.0 = Debug|Any CPU
		{9361614E-10E2-4581-9ED1-67B33575146F}.Release|Any CPU.ActiveCfg = Release|Any CPU
		{9361614E-10E2-4581-9ED1-67B33575146F}.Release|Any CPU.Build.0 = Release|Any CPU
		{469DEE92-1799-4EEB-B48A-C248CA3692F7}.Debug|Any CPU.ActiveCfg = Debug|Any CPU
		{469DEE92-1799-4EEB-B48A-C248CA3692F7}.Debug|Any CPU.Build.0 = Debug|Any CPU
		{469DEE92-1799-4EEB-B48A-C248CA3692F7}.Release|Any CPU.ActiveCfg = Release|Any CPU
		{469DEE92-1799-4EEB-B48A-C248CA3692F7}.Release|Any CPU.Build.0 = Release|Any CPU
		{ADBF405F-514D-4655-AF3E-96034DFE9043}.Debug|Any CPU.ActiveCfg = Debug|Any CPU
		{ADBF405F-514D-4655-AF3E-96034DFE9043}.Debug|Any CPU.Build.0 = Debug|Any CPU
		{ADBF405F-514D-4655-AF3E-96034DFE9043}.Release|Any CPU.ActiveCfg = Release|Any CPU
		{ADBF405F-514D-4655-AF3E-96034DFE9043}.Release|Any CPU.Build.0 = Release|Any CPU
		{9E4FCF69-D190-4BBF-9566-0DF7114EC180}.Debug|Any CPU.ActiveCfg = Debug|Any CPU
		{9E4FCF69-D190-4BBF-9566-0DF7114EC180}.Debug|Any CPU.Build.0 = Debug|Any CPU
		{9E4FCF69-D190-4BBF-9566-0DF7114EC180}.Release|Any CPU.ActiveCfg = Release|Any CPU
		{9E4FCF69-D190-4BBF-9566-0DF7114EC180}.Release|Any CPU.Build.0 = Release|Any CPU
		{CF506594-6C46-4B42-BE24-897C5A7E01FE}.Debug|Any CPU.ActiveCfg = Debug|Any CPU
		{CF506594-6C46-4B42-BE24-897C5A7E01FE}.Debug|Any CPU.Build.0 = Debug|Any CPU
		{CF506594-6C46-4B42-BE24-897C5A7E01FE}.Release|Any CPU.ActiveCfg = Release|Any CPU
		{CF506594-6C46-4B42-BE24-897C5A7E01FE}.Release|Any CPU.Build.0 = Release|Any CPU
		{F4347837-FFB8-4A5B-BDA1-CDAACA9E4B77}.Debug|Any CPU.ActiveCfg = Debug|Any CPU
		{F4347837-FFB8-4A5B-BDA1-CDAACA9E4B77}.Debug|Any CPU.Build.0 = Debug|Any CPU
		{F4347837-FFB8-4A5B-BDA1-CDAACA9E4B77}.Release|Any CPU.ActiveCfg = Release|Any CPU
		{F4347837-FFB8-4A5B-BDA1-CDAACA9E4B77}.Release|Any CPU.Build.0 = Release|Any CPU
		{085677C8-4DBA-46C5-96C4-640AB6ED6A80}.Debug|Any CPU.ActiveCfg = Debug|Any CPU
		{085677C8-4DBA-46C5-96C4-640AB6ED6A80}.Debug|Any CPU.Build.0 = Debug|Any CPU
		{085677C8-4DBA-46C5-96C4-640AB6ED6A80}.Release|Any CPU.ActiveCfg = Release|Any CPU
		{085677C8-4DBA-46C5-96C4-640AB6ED6A80}.Release|Any CPU.Build.0 = Release|Any CPU
		{015E06A2-D55E-4BBE-89D8-5BBB5720F55E}.Debug|Any CPU.ActiveCfg = Debug|Any CPU
		{015E06A2-D55E-4BBE-89D8-5BBB5720F55E}.Debug|Any CPU.Build.0 = Debug|Any CPU
		{015E06A2-D55E-4BBE-89D8-5BBB5720F55E}.Release|Any CPU.ActiveCfg = Release|Any CPU
		{015E06A2-D55E-4BBE-89D8-5BBB5720F55E}.Release|Any CPU.Build.0 = Release|Any CPU
		{0B2AECDB-84CE-444E-9B27-1CA4E18DA058}.Debug|Any CPU.ActiveCfg = Debug|Any CPU
		{0B2AECDB-84CE-444E-9B27-1CA4E18DA058}.Debug|Any CPU.Build.0 = Debug|Any CPU
		{0B2AECDB-84CE-444E-9B27-1CA4E18DA058}.Release|Any CPU.ActiveCfg = Release|Any CPU
		{0B2AECDB-84CE-444E-9B27-1CA4E18DA058}.Release|Any CPU.Build.0 = Release|Any CPU
		{C1A37BEF-3D71-49E8-BC7B-0939886C24FF}.Debug|Any CPU.ActiveCfg = Debug|Any CPU
		{C1A37BEF-3D71-49E8-BC7B-0939886C24FF}.Debug|Any CPU.Build.0 = Debug|Any CPU
		{C1A37BEF-3D71-49E8-BC7B-0939886C24FF}.Release|Any CPU.ActiveCfg = Release|Any CPU
		{C1A37BEF-3D71-49E8-BC7B-0939886C24FF}.Release|Any CPU.Build.0 = Release|Any CPU
		{4A779C84-1601-4D73-A6EF-8CEFF26C5D60}.Debug|Any CPU.ActiveCfg = Debug|Any CPU
		{4A779C84-1601-4D73-A6EF-8CEFF26C5D60}.Debug|Any CPU.Build.0 = Debug|Any CPU
		{4A779C84-1601-4D73-A6EF-8CEFF26C5D60}.Release|Any CPU.ActiveCfg = Release|Any CPU
		{4A779C84-1601-4D73-A6EF-8CEFF26C5D60}.Release|Any CPU.Build.0 = Release|Any CPU
		{731DFAB3-0DC5-46E9-8379-81EE01EB72F0}.Debug|Any CPU.ActiveCfg = Debug|Any CPU
		{731DFAB3-0DC5-46E9-8379-81EE01EB72F0}.Debug|Any CPU.Build.0 = Debug|Any CPU
		{731DFAB3-0DC5-46E9-8379-81EE01EB72F0}.Release|Any CPU.ActiveCfg = Release|Any CPU
		{731DFAB3-0DC5-46E9-8379-81EE01EB72F0}.Release|Any CPU.Build.0 = Release|Any CPU
		{6938028B-D717-4B94-9C1C-A13C735280E8}.Debug|Any CPU.ActiveCfg = Debug|Any CPU
		{6938028B-D717-4B94-9C1C-A13C735280E8}.Debug|Any CPU.Build.0 = Debug|Any CPU
		{6938028B-D717-4B94-9C1C-A13C735280E8}.Release|Any CPU.ActiveCfg = Release|Any CPU
		{6938028B-D717-4B94-9C1C-A13C735280E8}.Release|Any CPU.Build.0 = Release|Any CPU
		{5711F750-2EC7-407D-9E90-C42674A30F78}.Debug|Any CPU.ActiveCfg = Debug|Any CPU
		{5711F750-2EC7-407D-9E90-C42674A30F78}.Debug|Any CPU.Build.0 = Debug|Any CPU
		{5711F750-2EC7-407D-9E90-C42674A30F78}.Release|Any CPU.ActiveCfg = Release|Any CPU
		{5711F750-2EC7-407D-9E90-C42674A30F78}.Release|Any CPU.Build.0 = Release|Any CPU
		{9761E4C0-69BA-49FA-900B-BB0A3149693F}.Debug|Any CPU.ActiveCfg = Debug|Any CPU
		{9761E4C0-69BA-49FA-900B-BB0A3149693F}.Debug|Any CPU.Build.0 = Debug|Any CPU
		{9761E4C0-69BA-49FA-900B-BB0A3149693F}.Release|Any CPU.ActiveCfg = Release|Any CPU
		{9761E4C0-69BA-49FA-900B-BB0A3149693F}.Release|Any CPU.Build.0 = Release|Any CPU
		{AFC91DD0-8D19-4F1B-8170-257DC8CA8325}.Debug|Any CPU.ActiveCfg = Debug|Any CPU
		{AFC91DD0-8D19-4F1B-8170-257DC8CA8325}.Debug|Any CPU.Build.0 = Debug|Any CPU
		{AFC91DD0-8D19-4F1B-8170-257DC8CA8325}.Release|Any CPU.ActiveCfg = Release|Any CPU
		{AFC91DD0-8D19-4F1B-8170-257DC8CA8325}.Release|Any CPU.Build.0 = Release|Any CPU
		{45DB29D6-C552-4FAB-ACDD-754C97E9BDE6}.Debug|Any CPU.ActiveCfg = Debug|Any CPU
		{45DB29D6-C552-4FAB-ACDD-754C97E9BDE6}.Debug|Any CPU.Build.0 = Debug|Any CPU
		{45DB29D6-C552-4FAB-ACDD-754C97E9BDE6}.Release|Any CPU.ActiveCfg = Release|Any CPU
		{45DB29D6-C552-4FAB-ACDD-754C97E9BDE6}.Release|Any CPU.Build.0 = Release|Any CPU
		{8594A354-5FBF-4185-AA56-2A44BFEF90E8}.Debug|Any CPU.ActiveCfg = Debug|Any CPU
		{8594A354-5FBF-4185-AA56-2A44BFEF90E8}.Debug|Any CPU.Build.0 = Debug|Any CPU
		{8594A354-5FBF-4185-AA56-2A44BFEF90E8}.Release|Any CPU.ActiveCfg = Release|Any CPU
		{8594A354-5FBF-4185-AA56-2A44BFEF90E8}.Release|Any CPU.Build.0 = Release|Any CPU
		{02AD598F-EA9C-4C71-9218-9B458575CFDF}.Debug|Any CPU.ActiveCfg = Debug|Any CPU
		{02AD598F-EA9C-4C71-9218-9B458575CFDF}.Debug|Any CPU.Build.0 = Debug|Any CPU
		{02AD598F-EA9C-4C71-9218-9B458575CFDF}.Release|Any CPU.ActiveCfg = Release|Any CPU
		{02AD598F-EA9C-4C71-9218-9B458575CFDF}.Release|Any CPU.Build.0 = Release|Any CPU
		{7CEDF923-792A-49A7-BF40-C744A842A281}.Debug|Any CPU.ActiveCfg = Debug|Any CPU
		{7CEDF923-792A-49A7-BF40-C744A842A281}.Debug|Any CPU.Build.0 = Debug|Any CPU
		{7CEDF923-792A-49A7-BF40-C744A842A281}.Release|Any CPU.ActiveCfg = Release|Any CPU
		{7CEDF923-792A-49A7-BF40-C744A842A281}.Release|Any CPU.Build.0 = Release|Any CPU
		{A0F218E4-5002-422B-B75E-F885743557F0}.Debug|Any CPU.ActiveCfg = Debug|Any CPU
		{A0F218E4-5002-422B-B75E-F885743557F0}.Debug|Any CPU.Build.0 = Debug|Any CPU
		{A0F218E4-5002-422B-B75E-F885743557F0}.Release|Any CPU.ActiveCfg = Release|Any CPU
		{A0F218E4-5002-422B-B75E-F885743557F0}.Release|Any CPU.Build.0 = Release|Any CPU
		{65430DC6-A517-42B0-AA53-01E096B52B89}.Debug|Any CPU.ActiveCfg = Debug|Any CPU
		{65430DC6-A517-42B0-AA53-01E096B52B89}.Debug|Any CPU.Build.0 = Debug|Any CPU
		{65430DC6-A517-42B0-AA53-01E096B52B89}.Release|Any CPU.ActiveCfg = Release|Any CPU
		{65430DC6-A517-42B0-AA53-01E096B52B89}.Release|Any CPU.Build.0 = Release|Any CPU
		{8373695F-33BB-4E9A-870A-52E6FAA0944C}.Debug|Any CPU.ActiveCfg = Debug|Any CPU
		{8373695F-33BB-4E9A-870A-52E6FAA0944C}.Debug|Any CPU.Build.0 = Debug|Any CPU
		{8373695F-33BB-4E9A-870A-52E6FAA0944C}.Release|Any CPU.ActiveCfg = Release|Any CPU
		{8373695F-33BB-4E9A-870A-52E6FAA0944C}.Release|Any CPU.Build.0 = Release|Any CPU
		{E50B0E3E-FCF7-4758-B82F-FB6076C038B5}.Debug|Any CPU.ActiveCfg = Debug|Any CPU
		{E50B0E3E-FCF7-4758-B82F-FB6076C038B5}.Debug|Any CPU.Build.0 = Debug|Any CPU
		{E50B0E3E-FCF7-4758-B82F-FB6076C038B5}.Release|Any CPU.ActiveCfg = Release|Any CPU
		{E50B0E3E-FCF7-4758-B82F-FB6076C038B5}.Release|Any CPU.Build.0 = Release|Any CPU
		{008028EF-6EE8-49FD-A4AA-A47349852BB1}.Debug|Any CPU.ActiveCfg = Debug|Any CPU
		{008028EF-6EE8-49FD-A4AA-A47349852BB1}.Debug|Any CPU.Build.0 = Debug|Any CPU
		{008028EF-6EE8-49FD-A4AA-A47349852BB1}.Release|Any CPU.ActiveCfg = Release|Any CPU
		{008028EF-6EE8-49FD-A4AA-A47349852BB1}.Release|Any CPU.Build.0 = Release|Any CPU
		{C053554E-FE62-497F-BB19-570B09036B1C}.Debug|Any CPU.ActiveCfg = Debug|Any CPU
		{C053554E-FE62-497F-BB19-570B09036B1C}.Debug|Any CPU.Build.0 = Debug|Any CPU
		{C053554E-FE62-497F-BB19-570B09036B1C}.Release|Any CPU.ActiveCfg = Release|Any CPU
		{C053554E-FE62-497F-BB19-570B09036B1C}.Release|Any CPU.Build.0 = Release|Any CPU
		{311426F5-1859-47B2-A781-41642FA271D3}.Debug|Any CPU.ActiveCfg = Debug|Any CPU
		{311426F5-1859-47B2-A781-41642FA271D3}.Debug|Any CPU.Build.0 = Debug|Any CPU
		{311426F5-1859-47B2-A781-41642FA271D3}.Release|Any CPU.ActiveCfg = Release|Any CPU
		{311426F5-1859-47B2-A781-41642FA271D3}.Release|Any CPU.Build.0 = Release|Any CPU
	EndGlobalSection
	GlobalSection(SolutionProperties) = preSolution
		HideSolutionNode = FALSE
	EndGlobalSection
	GlobalSection(ExtensibilityGlobals) = postSolution
		SolutionGuid = {FB23A806-A397-47D1-82DB-EF4FDDEE0CD6}
	EndGlobalSection
EndGlobal
